// !$*UTF8*$!
{
	archiveVersion = 1;
	classes = {
	};
	objectVersion = 46;
	objects = {

/* Begin PBXBuildFile section */
		345647111E6419CB00F1DCF5 /* main.m in Sources */ = {isa = PBXBuildFile; fileRef = 345647101E6419CB00F1DCF5 /* main.m */; };
		345647141E6419CB00F1DCF5 /* AppDelegate.m in Sources */ = {isa = PBXBuildFile; fileRef = 345647131E6419CB00F1DCF5 /* AppDelegate.m */; };
		345647171E6419CB00F1DCF5 /* ViewController.m in Sources */ = {isa = PBXBuildFile; fileRef = 345647161E6419CB00F1DCF5 /* ViewController.m */; };
		3456471A1E6419CB00F1DCF5 /* Main.storyboard in Resources */ = {isa = PBXBuildFile; fileRef = 345647181E6419CB00F1DCF5 /* Main.storyboard */; };
		3456471C1E6419CB00F1DCF5 /* Assets.xcassets in Resources */ = {isa = PBXBuildFile; fileRef = 3456471B1E6419CB00F1DCF5 /* Assets.xcassets */; };
		3456471F1E6419CB00F1DCF5 /* LaunchScreen.storyboard in Resources */ = {isa = PBXBuildFile; fileRef = 3456471D1E6419CB00F1DCF5 /* LaunchScreen.storyboard */; };
		3456473C1E64332500F1DCF5 /* Test.m in Sources */ = {isa = PBXBuildFile; fileRef = 3456473B1E64332500F1DCF5 /* Test.m */; };
		345647401E64944D00F1DCF5 /* SecondViewController.m in Sources */ = {isa = PBXBuildFile; fileRef = 3456473F1E64944D00F1DCF5 /* SecondViewController.m */; };
/* End PBXBuildFile section */

/* Begin PBXContainerItemProxy section */
		345647261E6419CC00F1DCF5 /* PBXContainerItemProxy */ = {
			isa = PBXContainerItemProxy;
			containerPortal = 345647041E6419CB00F1DCF5 /* Project object */;
			proxyType = 1;
			remoteGlobalIDString = 3456470B1E6419CB00F1DCF5;
			remoteInfo = BlockDemo;
		};
/* End PBXContainerItemProxy section */

/* Begin PBXFileReference section */
		3456470C1E6419CB00F1DCF5 /* BlockDemo.app */ = {isa = PBXFileReference; explicitFileType = wrapper.application; includeInIndex = 0; path = BlockDemo.app; sourceTree = BUILT_PRODUCTS_DIR; };
		345647101E6419CB00F1DCF5 /* main.m */ = {isa = PBXFileReference; lastKnownFileType = sourcecode.c.objc; path = main.m; sourceTree = "<group>"; };
		345647121E6419CB00F1DCF5 /* AppDelegate.h */ = {isa = PBXFileReference; lastKnownFileType = sourcecode.c.h; path = AppDelegate.h; sourceTree = "<group>"; };
		345647131E6419CB00F1DCF5 /* AppDelegate.m */ = {isa = PBXFileReference; lastKnownFileType = sourcecode.c.objc; path = AppDelegate.m; sourceTree = "<group>"; };
		345647151E6419CB00F1DCF5 /* ViewController.h */ = {isa = PBXFileReference; lastKnownFileType = sourcecode.c.h; path = ViewController.h; sourceTree = "<group>"; };
		345647161E6419CB00F1DCF5 /* ViewController.m */ = {isa = PBXFileReference; lastKnownFileType = sourcecode.c.objc; path = ViewController.m; sourceTree = "<group>"; };
		345647191E6419CB00F1DCF5 /* Base */ = {isa = PBXFileReference; lastKnownFileType = file.storyboard; name = Base; path = Base.lproj/Main.storyboard; sourceTree = "<group>"; };
		3456471B1E6419CB00F1DCF5 /* Assets.xcassets */ = {isa = PBXFileReference; lastKnownFileType = folder.assetcatalog; path = Assets.xcassets; sourceTree = "<group>"; };
		3456471E1E6419CB00F1DCF5 /* Base */ = {isa = PBXFileReference; lastKnownFileType = file.storyboard; name = Base; path = Base.lproj/LaunchScreen.storyboard; sourceTree = "<group>"; };
		345647201E6419CB00F1DCF5 /* Info.plist */ = {isa = PBXFileReference; lastKnownFileType = text.plist.xml; path = Info.plist; sourceTree = "<group>"; };
		345647251E6419CC00F1DCF5 /* BlockDemoTests.xctest */ = {isa = PBXFileReference; explicitFileType = wrapper.cfbundle; includeInIndex = 0; path = BlockDemoTests.xctest; sourceTree = BUILT_PRODUCTS_DIR; };
		3456473A1E64332500F1DCF5 /* Test.h */ = {isa = PBXFileReference; fileEncoding = 4; lastKnownFileType = sourcecode.c.h; path = Test.h; sourceTree = "<group>"; };
		3456473B1E64332500F1DCF5 /* Test.m */ = {isa = PBXFileReference; fileEncoding = 4; lastKnownFileType = sourcecode.c.objc; path = Test.m; sourceTree = "<group>"; };
		3456473E1E64944D00F1DCF5 /* SecondViewController.h */ = {isa = PBXFileReference; fileEncoding = 4; lastKnownFileType = sourcecode.c.h; path = SecondViewController.h; sourceTree = "<group>"; };
		3456473F1E64944D00F1DCF5 /* SecondViewController.m */ = {isa = PBXFileReference; fileEncoding = 4; lastKnownFileType = sourcecode.c.objc; path = SecondViewController.m; sourceTree = "<group>"; };
/* End PBXFileReference section */

/* Begin PBXFrameworksBuildPhase section */
		345647091E6419CB00F1DCF5 /* Frameworks */ = {
			isa = PBXFrameworksBuildPhase;
			buildActionMask = 2147483647;
			files = (
			);
			runOnlyForDeploymentPostprocessing = 0;
		};
		345647221E6419CC00F1DCF5 /* Frameworks */ = {
			isa = PBXFrameworksBuildPhase;
			buildActionMask = 2147483647;
			files = (
			);
			runOnlyForDeploymentPostprocessing = 0;
		};
/* End PBXFrameworksBuildPhase section */

/* Begin PBXGroup section */
		345647031E6419CB00F1DCF5 = {
			isa = PBXGroup;
			children = (
				3456470E1E6419CB00F1DCF5 /* BlockDemo */,
				3456470D1E6419CB00F1DCF5 /* Products */,
			);
			sourceTree = "<group>";
		};
		3456470D1E6419CB00F1DCF5 /* Products */ = {
			isa = PBXGroup;
			children = (
				3456470C1E6419CB00F1DCF5 /* BlockDemo.app */,
				345647251E6419CC00F1DCF5 /* BlockDemoTests.xctest */,
			);
			name = Products;
			sourceTree = "<group>";
		};
		3456470E1E6419CB00F1DCF5 /* BlockDemo */ = {
			isa = PBXGroup;
			children = (
				345647121E6419CB00F1DCF5 /* AppDelegate.h */,
				345647131E6419CB00F1DCF5 /* AppDelegate.m */,
				345647151E6419CB00F1DCF5 /* ViewController.h */,
				345647161E6419CB00F1DCF5 /* ViewController.m */,
				3456473E1E64944D00F1DCF5 /* SecondViewController.h */,
				3456473F1E64944D00F1DCF5 /* SecondViewController.m */,
				3456473A1E64332500F1DCF5 /* Test.h */,
				3456473B1E64332500F1DCF5 /* Test.m */,
				345647181E6419CB00F1DCF5 /* Main.storyboard */,
				3456471B1E6419CB00F1DCF5 /* Assets.xcassets */,
				3456471D1E6419CB00F1DCF5 /* LaunchScreen.storyboard */,
				345647201E6419CB00F1DCF5 /* Info.plist */,
				3456470F1E6419CB00F1DCF5 /* Supporting Files */,
			);
			path = BlockDemo;
			sourceTree = "<group>";
		};
		3456470F1E6419CB00F1DCF5 /* Supporting Files */ = {
			isa = PBXGroup;
			children = (
				345647101E6419CB00F1DCF5 /* main.m */,
			);
			name = "Supporting Files";
			sourceTree = "<group>";
		};
/* End PBXGroup section */

/* Begin PBXNativeTarget section */
		3456470B1E6419CB00F1DCF5 /* BlockDemo */ = {
			isa = PBXNativeTarget;
			buildConfigurationList = 3456472E1E6419CC00F1DCF5 /* Build configuration list for PBXNativeTarget "BlockDemo" */;
			buildPhases = (
				345647081E6419CB00F1DCF5 /* Sources */,
				345647091E6419CB00F1DCF5 /* Frameworks */,
				3456470A1E6419CB00F1DCF5 /* Resources */,
			);
			buildRules = (
			);
			dependencies = (
			);
			name = BlockDemo;
			productName = BlockDemo;
			productReference = 3456470C1E6419CB00F1DCF5 /* BlockDemo.app */;
			productType = "com.apple.product-type.application";
		};
		345647241E6419CC00F1DCF5 /* BlockDemoTests */ = {
			isa = PBXNativeTarget;
			buildConfigurationList = 345647311E6419CC00F1DCF5 /* Build configuration list for PBXNativeTarget "BlockDemoTests" */;
			buildPhases = (
				345647211E6419CC00F1DCF5 /* Sources */,
				345647221E6419CC00F1DCF5 /* Frameworks */,
				345647231E6419CC00F1DCF5 /* Resources */,
			);
			buildRules = (
			);
			dependencies = (
				345647271E6419CC00F1DCF5 /* PBXTargetDependency */,
			);
			name = BlockDemoTests;
			productName = BlockDemoTests;
			productReference = 345647251E6419CC00F1DCF5 /* BlockDemoTests.xctest */;
			productType = "com.apple.product-type.bundle.unit-test";
		};
/* End PBXNativeTarget section */

/* Begin PBXProject section */
		345647041E6419CB00F1DCF5 /* Project object */ = {
			isa = PBXProject;
			attributes = {
				LastUpgradeCheck = 0820;
				ORGANIZATIONNAME = TsuiYuenHong;
				TargetAttributes = {
					3456470B1E6419CB00F1DCF5 = {
						CreatedOnToolsVersion = 8.2;
						DevelopmentTeam = 446D3AAR7E;
						ProvisioningStyle = Automatic;
					};
					345647241E6419CC00F1DCF5 = {
						CreatedOnToolsVersion = 8.2;
						DevelopmentTeam = 446D3AAR7E;
						ProvisioningStyle = Automatic;
						TestTargetID = 3456470B1E6419CB00F1DCF5;
					};
				};
			};
			buildConfigurationList = 345647071E6419CB00F1DCF5 /* Build configuration list for PBXProject "BlockDemo" */;
			compatibilityVersion = "Xcode 3.2";
			developmentRegion = English;
			hasScannedForEncodings = 0;
			knownRegions = (
				en,
				Base,
			);
			mainGroup = 345647031E6419CB00F1DCF5;
			productRefGroup = 3456470D1E6419CB00F1DCF5 /* Products */;
			projectDirPath = "";
			projectRoot = "";
			targets = (
				3456470B1E6419CB00F1DCF5 /* BlockDemo */,
				345647241E6419CC00F1DCF5 /* BlockDemoTests */,
			);
		};
/* End PBXProject section */

/* Begin PBXResourcesBuildPhase section */
		3456470A1E6419CB00F1DCF5 /* Resources */ = {
			isa = PBXResourcesBuildPhase;
			buildActionMask = 2147483647;
			files = (
				3456471F1E6419CB00F1DCF5 /* LaunchScreen.storyboard in Resources */,
				3456471C1E6419CB00F1DCF5 /* Assets.xcassets in Resources */,
				3456471A1E6419CB00F1DCF5 /* Main.storyboard in Resources */,
			);
			runOnlyForDeploymentPostprocessing = 0;
		};
		345647231E6419CC00F1DCF5 /* Resources */ = {
			isa = PBXResourcesBuildPhase;
			buildActionMask = 2147483647;
			files = (
			);
			runOnlyForDeploymentPostprocessing = 0;
		};
/* End PBXResourcesBuildPhase section */

/* Begin PBXSourcesBuildPhase section */
		345647081E6419CB00F1DCF5 /* Sources */ = {
			isa = PBXSourcesBuildPhase;
			buildActionMask = 2147483647;
			files = (
				345647401E64944D00F1DCF5 /* SecondViewController.m in Sources */,
				3456473C1E64332500F1DCF5 /* Test.m in Sources */,
				345647171E6419CB00F1DCF5 /* ViewController.m in Sources */,
				345647141E6419CB00F1DCF5 /* AppDelegate.m in Sources */,
				345647111E6419CB00F1DCF5 /* main.m in Sources */,
			);
			runOnlyForDeploymentPostprocessing = 0;
		};
		345647211E6419CC00F1DCF5 /* Sources */ = {
			isa = PBXSourcesBuildPhase;
			buildActionMask = 2147483647;
			files = (
			);
			runOnlyForDeploymentPostprocessing = 0;
		};
/* End PBXSourcesBuildPhase section */

/* Begin PBXTargetDependency section */
		345647271E6419CC00F1DCF5 /* PBXTargetDependency */ = {
			isa = PBXTargetDependency;
			target = 3456470B1E6419CB00F1DCF5 /* BlockDemo */;
			targetProxy = 345647261E6419CC00F1DCF5 /* PBXContainerItemProxy */;
		};
/* End PBXTargetDependency section */

/* Begin PBXVariantGroup section */
		345647181E6419CB00F1DCF5 /* Main.storyboard */ = {
			isa = PBXVariantGroup;
			children = (
				345647191E6419CB00F1DCF5 /* Base */,
			);
			name = Main.storyboard;
			sourceTree = "<group>";
		};
		3456471D1E6419CB00F1DCF5 /* LaunchScreen.storyboard */ = {
			isa = PBXVariantGroup;
			children = (
				3456471E1E6419CB00F1DCF5 /* Base */,
			);
			name = LaunchScreen.storyboard;
			sourceTree = "<group>";
		};
/* End PBXVariantGroup section */

/* Begin XCBuildConfiguration section */
		3456472C1E6419CC00F1DCF5 /* Debug */ = {
			isa = XCBuildConfiguration;
			buildSettings = {
				ALWAYS_SEARCH_USER_PATHS = NO;
				CLANG_ANALYZER_NONNULL = YES;
				CLANG_CXX_LANGUAGE_STANDARD = "gnu++0x";
				CLANG_CXX_LIBRARY = "libc++";
				CLANG_ENABLE_MODULES = YES;
				CLANG_ENABLE_OBJC_ARC = YES;
				CLANG_WARN_BOOL_CONVERSION = YES;
				CLANG_WARN_CONSTANT_CONVERSION = YES;
				CLANG_WARN_DIRECT_OBJC_ISA_USAGE = YES_ERROR;
				CLANG_WARN_DOCUMENTATION_COMMENTS = YES;
				CLANG_WARN_EMPTY_BODY = YES;
				CLANG_WARN_ENUM_CONVERSION = YES;
				CLANG_WARN_INFINITE_RECURSION = YES;
				CLANG_WARN_INT_CONVERSION = YES;
				CLANG_WARN_OBJC_ROOT_CLASS = YES_ERROR;
				CLANG_WARN_SUSPICIOUS_MOVE = YES;
				CLANG_WARN_UNREACHABLE_CODE = YES;
				CLANG_WARN__DUPLICATE_METHOD_MATCH = YES;
				"CODE_SIGN_IDENTITY[sdk=iphoneos*]" = "iPhone Developer";
				COPY_PHASE_STRIP = NO;
				DEBUG_INFORMATION_FORMAT = dwarf;
				ENABLE_STRICT_OBJC_MSGSEND = YES;
				ENABLE_TESTABILITY = YES;
				GCC_C_LANGUAGE_STANDARD = gnu99;
				GCC_DYNAMIC_NO_PIC = NO;
				GCC_NO_COMMON_BLOCKS = YES;
				GCC_OPTIMIZATION_LEVEL = 0;
				GCC_PREPROCESSOR_DEFINITIONS = (
					"DEBUG=1",
					"$(inherited)",
				);
				GCC_WARN_64_TO_32_BIT_CONVERSION = YES;
				GCC_WARN_ABOUT_RETURN_TYPE = YES_ERROR;
				GCC_WARN_UNDECLARED_SELECTOR = YES;
				GCC_WARN_UNINITIALIZED_AUTOS = YES_AGGRESSIVE;
				GCC_WARN_UNUSED_FUNCTION = YES;
				GCC_WARN_UNUSED_VARIABLE = YES;
				IPHONEOS_DEPLOYMENT_TARGET = 10.2;
				MTL_ENABLE_DEBUG_INFO = YES;
				ONLY_ACTIVE_ARCH = YES;
				SDKROOT = iphoneos;
			};
			name = Debug;
		};
		3456472D1E6419CC00F1DCF5 /* Release */ = {
			isa = XCBuildConfiguration;
			buildSettings = {
				ALWAYS_SEARCH_USER_PATHS = NO;
				CLANG_ANALYZER_NONNULL = YES;
				CLANG_CXX_LANGUAGE_STANDARD = "gnu++0x";
				CLANG_CXX_LIBRARY = "libc++";
				CLANG_ENABLE_MODULES = YES;
				CLANG_ENABLE_OBJC_ARC = YES;
				CLANG_WARN_BOOL_CONVERSION = YES;
				CLANG_WARN_CONSTANT_CONVERSION = YES;
				CLANG_WARN_DIRECT_OBJC_ISA_USAGE = YES_ERROR;
				CLANG_WARN_DOCUMENTATION_COMMENTS = YES;
				CLANG_WARN_EMPTY_BODY = YES;
				CLANG_WARN_ENUM_CONVERSION = YES;
				CLANG_WARN_INFINITE_RECURSION = YES;
				CLANG_WARN_INT_CONVERSION = YES;
				CLANG_WARN_OBJC_ROOT_CLASS = YES_ERROR;
				CLANG_WARN_SUSPICIOUS_MOVE = YES;
				CLANG_WARN_UNREACHABLE_CODE = YES;
				CLANG_WARN__DUPLICATE_METHOD_MATCH = YES;
				"CODE_SIGN_IDENTITY[sdk=iphoneos*]" = "iPhone Developer";
				COPY_PHASE_STRIP = NO;
				DEBUG_INFORMATION_FORMAT = "dwarf-with-dsym";
				ENABLE_NS_ASSERTIONS = NO;
				ENABLE_STRICT_OBJC_MSGSEND = YES;
				GCC_C_LANGUAGE_STANDARD = gnu99;
				GCC_NO_COMMON_BLOCKS = YES;
				GCC_WARN_64_TO_32_BIT_CONVERSION = YES;
				GCC_WARN_ABOUT_RETURN_TYPE = YES_ERROR;
				GCC_WARN_UNDECLARED_SELECTOR = YES;
				GCC_WARN_UNINITIALIZED_AUTOS = YES_AGGRESSIVE;
				GCC_WARN_UNUSED_FUNCTION = YES;
				GCC_WARN_UNUSED_VARIABLE = YES;
				IPHONEOS_DEPLOYMENT_TARGET = 10.2;
				MTL_ENABLE_DEBUG_INFO = NO;
				SDKROOT = iphoneos;
				VALIDATE_PRODUCT = YES;
			};
			name = Release;
		};
		3456472F1E6419CC00F1DCF5 /* Debug */ = {
			isa = XCBuildConfiguration;
			buildSettings = {
				ASSETCATALOG_COMPILER_APPICON_NAME = AppIcon;
				CLANG_ENABLE_OBJC_ARC = YES;
				DEVELOPMENT_TEAM = 446D3AAR7E;
				INFOPLIST_FILE = BlockDemo/Info.plist;
				LD_RUNPATH_SEARCH_PATHS = "$(inherited) @executable_path/Frameworks";
				PRODUCT_BUNDLE_IDENTIFIER = TsuiYuenHong.BlockDemo;
				PRODUCT_NAME = "$(TARGET_NAME)";
			};
			name = Debug;
		};
		345647301E6419CC00F1DCF5 /* Release */ = {
			isa = XCBuildConfiguration;
			buildSettings = {
				ASSETCATALOG_COMPILER_APPICON_NAME = AppIcon;
				CLANG_ENABLE_OBJC_ARC = YES;
				DEVELOPMENT_TEAM = 446D3AAR7E;
				INFOPLIST_FILE = BlockDemo/Info.plist;
				LD_RUNPATH_SEARCH_PATHS = "$(inherited) @executable_path/Frameworks";
				PRODUCT_BUNDLE_IDENTIFIER = TsuiYuenHong.BlockDemo;
				PRODUCT_NAME = "$(TARGET_NAME)";
			};
			name = Release;
		};
		345647321E6419CC00F1DCF5 /* Debug */ = {
			isa = XCBuildConfiguration;
			buildSettings = {
				BUNDLE_LOADER = "$(TEST_HOST)";
				DEVELOPMENT_TEAM = 446D3AAR7E;
				INFOPLIST_FILE = BlockDemoTests/Info.plist;
				LD_RUNPATH_SEARCH_PATHS = "$(inherited) @executable_path/Frameworks @loader_path/Frameworks";
				PRODUCT_BUNDLE_IDENTIFIER = TsuiYuenHong.BlockDemoTests;
				PRODUCT_NAME = "$(TARGET_NAME)";
				TEST_HOST = "$(BUILT_PRODUCTS_DIR)/BlockDemo.app/BlockDemo";
			};
			name = Debug;
		};
		345647331E6419CC00F1DCF5 /* Release */ = {
			isa = XCBuildConfiguration;
			buildSettings = {
				BUNDLE_LOADER = "$(TEST_HOST)";
				DEVELOPMENT_TEAM = 446D3AAR7E;
				INFOPLIST_FILE = BlockDemoTests/Info.plist;
				LD_RUNPATH_SEARCH_PATHS = "$(inherited) @executable_path/Frameworks @loader_path/Frameworks";
				PRODUCT_BUNDLE_IDENTIFIER = TsuiYuenHong.BlockDemoTests;
				PRODUCT_NAME = "$(TARGET_NAME)";
				TEST_HOST = "$(BUILT_PRODUCTS_DIR)/BlockDemo.app/BlockDemo";
			};
			name = Release;
		};
/* End XCBuildConfiguration section */

/* Begin XCConfigurationList section */
		345647071E6419CB00F1DCF5 /* Build configuration list for PBXProject "BlockDemo" */ = {
			isa = XCConfigurationList;
			buildConfigurations = (
				3456472C1E6419CC00F1DCF5 /* Debug */,
				3456472D1E6419CC00F1DCF5 /* Release */,
			);
			defaultConfigurationIsVisible = 0;
			defaultConfigurationName = Release;
		};
		3456472E1E6419CC00F1DCF5 /* Build configuration list for PBXNativeTarget "BlockDemo" */ = {
			isa = XCConfigurationList;
			buildConfigurations = (
				3456472F1E6419CC00F1DCF5 /* Debug */,
				345647301E6419CC00F1DCF5 /* Release */,
			);
			defaultConfigurationIsVisible = 0;
			defaultConfigurationName = Release;
		};
		345647311E6419CC00F1DCF5 /* Build configuration list for PBXNativeTarget "BlockDemoTests" */ = {
			isa = XCConfigurationList;
			buildConfigurations = (
				345647321E6419CC00F1DCF5 /* Debug */,
				345647331E6419CC00F1DCF5 /* Release */,
			);
			defaultConfigurationIsVisible = 0;
			defaultConfigurationName = Release;
		};
/* End XCConfigurationList section */
	};
	rootObject = 345647041E6419CB00F1DCF5 /* Project object */;
}
